# THIS IS AN AUTOGENERATED FILE. DO NOT EDIT THIS FILE DIRECTLY.
# yarn lockfile v1


"@types/prop-types@*":
  version "15.7.4"
  resolved "https://registry.npmjs.org/@types/prop-types/-/prop-types-15.7.4.tgz#fcf7205c25dff795ee79af1e30da2c9790808f11"
  integrity sha512-rZ5drC/jWjrArrS8BR6SIr4cWpW09RNTYt9AMZo3Jwwif+iacXAqgVjm0B0Bv/S1jhDXKHqRVNCbACkJ89RAnQ==

"@types/react-native-video@^5.0.9":
  version "5.0.9"
  resolved "https://registry.npmjs.org/@types/react-native-video/-/react-native-video-5.0.9.tgz#dc3a862dfdcf263632ffc8562b8ee441cc3b5c8d"
  integrity sha512-GnFv2eLLK/LW2ZUAw20vhm+I3lMpkgfmYLqM8ZxB0dOw7FBsLw01hvcTJ9jgQGIV7ZOhsNII+RfkK/trglN5Kg==
  dependencies:
    "@types/react" "*"
    "@types/react-native" "*"

"@types/react-native@*", "@types/react-native@^0.65.1":
  version "0.65.1"
  resolved "https://registry.npmjs.org/@types/react-native/-/react-native-0.65.1.tgz#7342158e10ea5088c225bb669dd4ef15aad0a2f7"
  integrity sha512-pyRmTnvjYORIXuL8+ZhoI8gqamTE/8Lo9bU/1Ife3VOTgeFzY9rHnx3Tna7OOixBW5Exh2PcHSkJXma4FENC0g==
  dependencies:
    "@types/react" "*"

"@types/react@*", "@types/react@^17.0.24":
  version "17.0.24"
  resolved "https://registry.npmjs.org/@types/react/-/react-17.0.24.tgz#7e1b3f78d0fc53782543f9bce6d949959a5880bd"
  integrity sha512-eIpyco99gTH+FTI3J7Oi/OH8MZoFMJuztNRimDOJwH4iGIsKV2qkGnk4M9VzlaVWeEEWLWSQRy0FEA0Kz218cg==
  dependencies:
    "@types/prop-types" "*"
    "@types/scheduler" "*"
    csstype "^3.0.2"

"@types/scheduler@*":
  version "0.16.2"
  resolved "https://registry.npmjs.org/@types/scheduler/-/scheduler-0.16.2.tgz#1a62f89525723dde24ba1b01b092bf5df8ad4d39"
  integrity sha512-hppQEBDmlwhFAXKJX2KnWLYu5yMfi91yazPb2l+lbJiwW+wdo1gNeRA+3RgNSO39WYX2euey41KEwnqesU2Jew==

csstype@^3.0.2:
  version "3.0.9"
  resolved "https://registry.npmjs.org/csstype/-/csstype-3.0.9.tgz#6410af31b26bd0520933d02cbc64fce9ce3fbf0b"
  integrity sha512-rpw6JPxK6Rfg1zLOYCSwle2GFOOsnjmDYDaBwEcwoOg4qlsIVCN789VkBZDJAGi4T07gI4YSutR43t9Zz4Lzuw==

eme-encryption-scheme-polyfill@^2.0.1:
  version "2.0.3"
  resolved "https://registry.npmjs.org/eme-encryption-scheme-polyfill/-/eme-encryption-scheme-polyfill-2.0.3.tgz#2ca6e06480e06cceb5e50efd27943ac46c959878"
  integrity sha512-44CNFMsqzHdKHrzWxlS7xZ8KUHn5XutBqpmCuWzNIynmAyFInHrrD3ozv/RvK9ZhgV6QY6Easx8EWAmxteNodg==

"js-tokens@^3.0.0 || ^4.0.0":
  version "4.0.0"
  resolved "https://registry.npmjs.org/js-tokens/-/js-tokens-4.0.0.tgz#19203fb59991df98e3a287050d4647cdeaf32499"
  integrity sha512-RdJUflcE3cUzKiMqQgsCu06FPu9UdIJO0beYbPhHN4k6apgJtifcoCtT9bcxOpYBtpD2kCM6Sbzg4CausW/PKQ==

keymirror@^0.1.1:
  version "0.1.1"
  resolved "https://registry.npmjs.org/keymirror/-/keymirror-0.1.1.tgz#918889ea13f8d0a42e7c557250eee713adc95c35"
  integrity sha1-kYiJ6hP40KQufFVyUO7nE63JXDU=

loose-envify@^1.4.0:
  version "1.4.0"
  resolved "https://registry.npmjs.org/loose-envify/-/loose-envify-1.4.0.tgz#71ee51fa7be4caec1a63839f7e682d8132d30caf"
  integrity sha512-lyuxPGr/Wfhrlem2CL/UcnUc1zcqKAImBDzukY7Y5F/yQiNdko6+fRLevlw1HgMySw7f611UIY408EtxRSoK3Q==
  dependencies:
    js-tokens "^3.0.0 || ^4.0.0"

object-assign@^4.1.1:
  version "4.1.1"
  resolved "https://registry.npmjs.org/object-assign/-/object-assign-4.1.1.tgz#2109adc7965887cfc05cbbd442cac8bfbb360863"
  integrity sha1-IQmtx5ZYh8/AXLvUQsrIv7s2CGM=

prop-types@^15.7.2:
  version "15.7.2"
  resolved "https://registry.npmjs.org/prop-types/-/prop-types-15.7.2.tgz#52c41e75b8c87e72b9d9360e0206b99dcbffa6c5"
  integrity sha512-8QQikdH7//R2vurIJSutZ1smHYTcLpRWEOlHnzcWHmBYrOGUysKwSsrC89BCiFj3CbrfJ/nXFdJepOVrY1GCHQ==
  dependencies:
    loose-envify "^1.4.0"
    object-assign "^4.1.1"
    react-is "^16.8.1"

react-is@^16.8.1:
  version "16.13.1"
  resolved "https://registry.npmjs.org/react-is/-/react-is-16.13.1.tgz#789729a4dc36de2999dc156dd6c1d9c18cea56a4"
  integrity sha512-24e6ynE2H+OKt4kqsOvNd8kBpV65zoxbA4BVsEOB3ARVWQki/DHzaUoC5KuON/BiccDaCCTZBuOcfZs70kR8bQ==

react-native-fast-image@^8.5.8:
  version "8.5.8"
  resolved "https://registry.npmjs.org/react-native-fast-image/-/react-native-fast-image-8.5.8.tgz#6f685ecbff5d8f74f33fc3c6b38c4eea9b33a6fd"
  integrity sha512-yVVKKPIbk6HrFwC+RynJluGb23Vy8TVQ4gN/Y9LyGaohDoRaxbwZzWdUA4CuT63ILImf5IqOmokypuTVQAD99w==

react-native-image-crop-picker@^0.36.3:
  version "0.36.3"
  resolved "https://registry.npmjs.org/react-native-image-crop-picker/-/react-native-image-crop-picker-0.36.3.tgz#cf574ca9722095ad4398821f3a23d81bbde7c82e"
  integrity sha512-kha9FF+l5f9mQVOA4fnGmzavatBdCPllSMlSBm7u1VZstqD6pHnrVcsM+SZty8SAfH4CUWygR3PTJg7xwxTJgA==

react-native-image-pan-zoom@^2.1.12:
  version "2.1.12"
  resolved "https://registry.npmjs.org/react-native-image-pan-zoom/-/react-native-image-pan-zoom-2.1.12.tgz#eb98bf56fb5610379bdbfdb63219cc1baca98fd2"
  integrity sha512-BF66XeP6dzuANsPmmFsJshM2Jyh/Mo1t8FsGc1L9Q9/sVP8MJULDabB1hms+eAoqgtyhMr5BuXV3E1hJ5U5H6Q==

react-native-image-zoom-viewer@^3.0.1:
  version "3.0.1"
  resolved "https://registry.npmjs.org/react-native-image-zoom-viewer/-/react-native-image-zoom-viewer-3.0.1.tgz#a2bd5fb3bda15e0686ce88fcde8576726495d7fb"
  integrity sha512-la6s5DNSuq4GCRLsi5CZ29FPjgTpdCuGIRdO5T9rUrAtxrlpBPhhSnHrbmPVxsdtOUvxHacTh2Gfa9+RraMZQA==
  dependencies:
    react-native-image-pan-zoom "^2.1.12"

react-native-video-helper@^1.5.0:
  version "1.5.0"
  resolved "https://registry.npmjs.org/react-native-video-helper/-/react-native-video-helper-1.5.0.tgz#0b3206318987c48b7d41f4522bb4974152c3dfb7"
  integrity sha512-37wViz4kpxg7IYXwtuBtvr/A78JXXj7/fKgY6QMEo5QbGDVo8T6lhBLq22xXAYMilGE8/OGHhjMY00TaoFHiLA==

react-native-video@^5.1.1:
  version "5.1.1"
  resolved "https://registry.npmjs.org/react-native-video/-/react-native-video-5.1.1.tgz#89a7989efeb8d404611c06154d1da227a745d7d8"
  integrity sha512-zee8gRUrjPWRoZSEBiMebClqu1iAuCQNLjzqpmXFrRWEoJj7azM3BPqLQWJgsnfLiYUYGySeApC/G60THM5+tw==
  dependencies:
    keymirror "^0.1.1"
    prop-types "^15.7.2"
    shaka-player "^2.5.9"

shaka-player@^2.5.9:
  version "2.5.23"
  resolved "https://registry.npmjs.org/shaka-player/-/shaka-player-2.5.23.tgz#db92d1c6cf2314f0180a2cec11b0e2f2560336f5"
  integrity sha512-3MC9k0OXJGw8AZ4n/ZNCZS2yDxx+3as5KgH6Tx4Q5TRboTBBCu6dYPI5vp1DxKeyU12MBN1Zcbs7AKzXv2EnCg==
  dependencies:
    eme-encryption-scheme-polyfill "^2.0.1"
