# THIS IS AN AUTOGENERATED FILE. DO NOT EDIT THIS FILE DIRECTLY.
# yarn lockfile v1


"@ant-design/icons-react-native@^2.2.1":
  version "2.3.1"
  resolved "https://registry.npmjs.org/@ant-design/icons-react-native/-/icons-react-native-2.3.1.tgz#62eb3a0c5371c35b069dd60b7c02901016ffd7eb"
  integrity sha512-nLUhEP6doFtavnRO95mxTD8NoLcVJXT0fEvIQca5BJjHQeqJxroAFKbSBkS0TvRi6dJurAel38b+b8IWVXY8uQ==

"@bang88/react-native-drawer-layout@^2.0.3":
  version "2.0.3"
  resolved "https://registry.npmjs.org/@bang88/react-native-drawer-layout/-/react-native-drawer-layout-2.0.3.tgz#a93abd5a9c6d1fc4c0924a9f21c2cd7d1deea88d"
  integrity sha512-rSMgODo8G8bBxLiR4YD9FVLx0U+0/6ABFbfBQ/2PjMNBFjqa6IiAK1uTivMjRgykri1EacDHb81Qd/DkqUrHJw==

"@bang88/react-native-ultimate-listview@^3.3.4":
  version "3.3.4"
  resolved "https://registry.npmjs.org/@bang88/react-native-ultimate-listview/-/react-native-ultimate-listview-3.3.4.tgz#128828e64a7c1be1fd295ee25b5b07f323789d5d"
  integrity sha512-IyaAOxp+GvIzOrJUMCd2cAT2uilfDpijMIlYDNINBT6AQ2NfCcgFzdMMKawJITE9Yb8mxEicsJNL3OvzXbxPDw==

"@fruits-chain/react-native@^0.0.2":
  version "0.0.2"
  resolved "https://registry.npmjs.org/@fruits-chain/react-native/-/react-native-0.0.2.tgz#bf9610a4f7b46795604e924bb891d5bff00d9502"
  integrity sha512-gECJg+IReHx07rncon6yJtyG5lejABukRXc4yi58U5kbamegbkyEb2ahCuJjr04x0CemzUzJ2A1Uboh+Uvebdw==
  dependencies:
    "@ant-design/icons-react-native" "^2.2.1"
    "@bang88/react-native-drawer-layout" "^2.0.3"
    "@bang88/react-native-ultimate-listview" "^3.3.4"
    array-tree-filter "~2.1.0"
    babel-runtime "^6.x"
    deepmerge "^4.2.2"
    normalize-css-color "^1.0.2"
    react-native-collapsible "^1.5.2"
    react-native-modal-popover "^0.0.12"
    react-native-swipeout "^2.3.6"
    shallowequal "^1.1.0"
    utility-types "^3.10.0"

"@types/prop-types@*", "@types/prop-types@^15.5.5":
  version "15.7.4"
  resolved "https://registry.npmjs.org/@types/prop-types/-/prop-types-15.7.4.tgz#fcf7205c25dff795ee79af1e30da2c9790808f11"
  integrity sha512-rZ5drC/jWjrArrS8BR6SIr4cWpW09RNTYt9AMZo3Jwwif+iacXAqgVjm0B0Bv/S1jhDXKHqRVNCbACkJ89RAnQ==

"@types/react-native-video@^5.0.9":
  version "5.0.9"
  resolved "https://registry.npmjs.org/@types/react-native-video/-/react-native-video-5.0.9.tgz#dc3a862dfdcf263632ffc8562b8ee441cc3b5c8d"
  integrity sha512-GnFv2eLLK/LW2ZUAw20vhm+I3lMpkgfmYLqM8ZxB0dOw7FBsLw01hvcTJ9jgQGIV7ZOhsNII+RfkK/trglN5Kg==
  dependencies:
    "@types/react" "*"
    "@types/react-native" "*"

"@types/react-native@*", "@types/react-native@^0.65.1":
  version "0.65.1"
  resolved "https://registry.npmjs.org/@types/react-native/-/react-native-0.65.1.tgz#7342158e10ea5088c225bb669dd4ef15aad0a2f7"
  integrity sha512-pyRmTnvjYORIXuL8+ZhoI8gqamTE/8Lo9bU/1Ife3VOTgeFzY9rHnx3Tna7OOixBW5Exh2PcHSkJXma4FENC0g==
  dependencies:
    "@types/react" "*"

"@types/react@*", "@types/react@^17.0.24":
  version "17.0.24"
  resolved "https://registry.npmjs.org/@types/react/-/react-17.0.24.tgz#7e1b3f78d0fc53782543f9bce6d949959a5880bd"
  integrity sha512-eIpyco99gTH+FTI3J7Oi/OH8MZoFMJuztNRimDOJwH4iGIsKV2qkGnk4M9VzlaVWeEEWLWSQRy0FEA0Kz218cg==
  dependencies:
    "@types/prop-types" "*"
    "@types/scheduler" "*"
    csstype "^3.0.2"

"@types/scheduler@*":
  version "0.16.2"
  resolved "https://registry.npmjs.org/@types/scheduler/-/scheduler-0.16.2.tgz#1a62f89525723dde24ba1b01b092bf5df8ad4d39"
  integrity sha512-hppQEBDmlwhFAXKJX2KnWLYu5yMfi91yazPb2l+lbJiwW+wdo1gNeRA+3RgNSO39WYX2euey41KEwnqesU2Jew==

array-tree-filter@~2.1.0:
  version "2.1.0"
  resolved "https://registry.npmjs.org/array-tree-filter/-/array-tree-filter-2.1.0.tgz#873ac00fec83749f255ac8dd083814b4f6329190"
  integrity sha512-4ROwICNlNw/Hqa9v+rk5h22KjmzB1JGTMVKP2AKJBOCgb0yL0ASf0+YvCcLNNwquOHNX48jkeZIJ3a+oOQqKcw==

babel-runtime@^6.x:
  version "6.26.0"
  resolved "https://registry.npmjs.org/babel-runtime/-/babel-runtime-6.26.0.tgz#965c7058668e82b55d7bfe04ff2337bc8b5647fe"
  integrity sha1-llxwWGaOgrVde/4E/yM3vItWR/4=
  dependencies:
    core-js "^2.4.0"
    regenerator-runtime "^0.11.0"

core-js@^2.4.0:
  version "2.6.12"
  resolved "https://registry.npmjs.org/core-js/-/core-js-2.6.12.tgz#d9333dfa7b065e347cc5682219d6f690859cc2ec"
  integrity sha512-Kb2wC0fvsWfQrgk8HU5lW6U/Lcs8+9aaYcy4ZFc6DDlo4nZ7n70dEgE5rtR0oG6ufKDUnrwfWL1mXR5ljDatrQ==

create-react-class@^15.6.0:
  version "15.7.0"
  resolved "https://registry.npmjs.org/create-react-class/-/create-react-class-15.7.0.tgz#7499d7ca2e69bb51d13faf59bd04f0c65a1d6c1e"
  integrity sha512-QZv4sFWG9S5RUvkTYWbflxeZX+JG7Cz0Tn33rQBJ+WFQTqTfUTjMjiv9tnfXazjsO5r0KhPs+AqCjyrQX6h2ng==
  dependencies:
    loose-envify "^1.3.1"
    object-assign "^4.1.1"

csstype@^3.0.2:
  version "3.0.9"
  resolved "https://registry.npmjs.org/csstype/-/csstype-3.0.9.tgz#6410af31b26bd0520933d02cbc64fce9ce3fbf0b"
  integrity sha512-rpw6JPxK6Rfg1zLOYCSwle2GFOOsnjmDYDaBwEcwoOg4qlsIVCN789VkBZDJAGi4T07gI4YSutR43t9Zz4Lzuw==

deepmerge@^4.2.2:
  version "4.2.2"
  resolved "https://registry.npmjs.org/deepmerge/-/deepmerge-4.2.2.tgz#44d2ea3679b8f4d4ffba33f03d865fc1e7bf4955"
  integrity sha512-FJ3UgI4gIl+PHZm53knsuSFpE+nESMr7M4v9QcgB7S63Kj/6WqMiFQJpBBYz1Pt+66bZpP3Q7Lye0Oo9MPKEdg==

eme-encryption-scheme-polyfill@^2.0.1:
  version "2.0.3"
  resolved "https://registry.npmjs.org/eme-encryption-scheme-polyfill/-/eme-encryption-scheme-polyfill-2.0.3.tgz#2ca6e06480e06cceb5e50efd27943ac46c959878"
  integrity sha512-44CNFMsqzHdKHrzWxlS7xZ8KUHn5XutBqpmCuWzNIynmAyFInHrrD3ozv/RvK9ZhgV6QY6Easx8EWAmxteNodg==

"js-tokens@^3.0.0 || ^4.0.0":
  version "4.0.0"
  resolved "https://registry.npmjs.org/js-tokens/-/js-tokens-4.0.0.tgz#19203fb59991df98e3a287050d4647cdeaf32499"
  integrity sha512-RdJUflcE3cUzKiMqQgsCu06FPu9UdIJO0beYbPhHN4k6apgJtifcoCtT9bcxOpYBtpD2kCM6Sbzg4CausW/PKQ==

keymirror@^0.1.1:
  version "0.1.1"
  resolved "https://registry.npmjs.org/keymirror/-/keymirror-0.1.1.tgz#918889ea13f8d0a42e7c557250eee713adc95c35"
  integrity sha1-kYiJ6hP40KQufFVyUO7nE63JXDU=

lodash.debounce@^4.0.8:
  version "4.0.8"
  resolved "https://registry.npmjs.org/lodash.debounce/-/lodash.debounce-4.0.8.tgz#82d79bff30a67c4005ffd5e2515300ad9ca4d7af"
  integrity sha1-gteb/zCmfEAF/9XiUVMArZyk168=

loose-envify@^1.3.1, loose-envify@^1.4.0:
  version "1.4.0"
  resolved "https://registry.npmjs.org/loose-envify/-/loose-envify-1.4.0.tgz#71ee51fa7be4caec1a63839f7e682d8132d30caf"
  integrity sha512-lyuxPGr/Wfhrlem2CL/UcnUc1zcqKAImBDzukY7Y5F/yQiNdko6+fRLevlw1HgMySw7f611UIY408EtxRSoK3Q==
  dependencies:
    js-tokens "^3.0.0 || ^4.0.0"

normalize-css-color@^1.0.2:
  version "1.0.2"
  resolved "https://registry.npmjs.org/normalize-css-color/-/normalize-css-color-1.0.2.tgz#02991e97cccec6623fe573afbbf0de6a1f3e9f8d"
  integrity sha1-Apkel8zOxmI/5XOvu/Deah8+n40=

object-assign@^4.1.1:
  version "4.1.1"
  resolved "https://registry.npmjs.org/object-assign/-/object-assign-4.1.1.tgz#2109adc7965887cfc05cbbd442cac8bfbb360863"
  integrity sha1-IQmtx5ZYh8/AXLvUQsrIv7s2CGM=

performance-now@^2.1.0:
  version "2.1.0"
  resolved "https://registry.npmjs.org/performance-now/-/performance-now-2.1.0.tgz#6309f4e0e5fa913ec1c69307ae364b4b377c9e7b"
  integrity sha1-Ywn04OX6kT7BxpMHrjZLSzd8nns=

prop-types@^15.5.10, prop-types@^15.6.2, prop-types@^15.7.2:
  version "15.7.2"
  resolved "https://registry.npmjs.org/prop-types/-/prop-types-15.7.2.tgz#52c41e75b8c87e72b9d9360e0206b99dcbffa6c5"
  integrity sha512-8QQikdH7//R2vurIJSutZ1smHYTcLpRWEOlHnzcWHmBYrOGUysKwSsrC89BCiFj3CbrfJ/nXFdJepOVrY1GCHQ==
  dependencies:
    loose-envify "^1.4.0"
    object-assign "^4.1.1"
    react-is "^16.8.1"

raf@^3.1.0:
  version "3.4.1"
  resolved "https://registry.npmjs.org/raf/-/raf-3.4.1.tgz#0742e99a4a6552f445d73e3ee0328af0ff1ede39"
  integrity sha512-Sq4CW4QhwOHE8ucn6J34MqtZCeWFP2aQSmrlroYgqAV1PjStIhJXxYuTgUIfkEk7zTLjmIjLmU5q+fbD1NnOJA==
  dependencies:
    performance-now "^2.1.0"

react-is@^16.8.1:
  version "16.13.1"
  resolved "https://registry.npmjs.org/react-is/-/react-is-16.13.1.tgz#789729a4dc36de2999dc156dd6c1d9c18cea56a4"
  integrity sha512-24e6ynE2H+OKt4kqsOvNd8kBpV65zoxbA4BVsEOB3ARVWQki/DHzaUoC5KuON/BiccDaCCTZBuOcfZs70kR8bQ==

react-native-collapsible@^1.5.2:
  version "1.6.0"
  resolved "https://registry.npmjs.org/react-native-collapsible/-/react-native-collapsible-1.6.0.tgz#ca261ffff16914f872059bb0972e3a78c4b37f9c"
  integrity sha512-beZjdgbT9Y/Pg591Xy5XkKG20HffJiVad4n9bfcUF/f783A+tvOVXnqvbS58Lkaym93mi4jcDPMuW9Vc1t6rqg==

react-native-fast-image@^8.5.8:
  version "8.5.8"
  resolved "https://registry.npmjs.org/react-native-fast-image/-/react-native-fast-image-8.5.8.tgz#6f685ecbff5d8f74f33fc3c6b38c4eea9b33a6fd"
  integrity sha512-yVVKKPIbk6HrFwC+RynJluGb23Vy8TVQ4gN/Y9LyGaohDoRaxbwZzWdUA4CuT63ILImf5IqOmokypuTVQAD99w==

react-native-image-crop-picker@^0.36.3:
  version "0.36.3"
  resolved "https://registry.npmjs.org/react-native-image-crop-picker/-/react-native-image-crop-picker-0.36.3.tgz#cf574ca9722095ad4398821f3a23d81bbde7c82e"
  integrity sha512-kha9FF+l5f9mQVOA4fnGmzavatBdCPllSMlSBm7u1VZstqD6pHnrVcsM+SZty8SAfH4CUWygR3PTJg7xwxTJgA==

react-native-image-pan-zoom@^2.1.12:
  version "2.1.12"
  resolved "https://registry.npmjs.org/react-native-image-pan-zoom/-/react-native-image-pan-zoom-2.1.12.tgz#eb98bf56fb5610379bdbfdb63219cc1baca98fd2"
  integrity sha512-BF66XeP6dzuANsPmmFsJshM2Jyh/Mo1t8FsGc1L9Q9/sVP8MJULDabB1hms+eAoqgtyhMr5BuXV3E1hJ5U5H6Q==

react-native-image-zoom-viewer@^3.0.1:
  version "3.0.1"
  resolved "https://registry.npmjs.org/react-native-image-zoom-viewer/-/react-native-image-zoom-viewer-3.0.1.tgz#a2bd5fb3bda15e0686ce88fcde8576726495d7fb"
  integrity sha512-la6s5DNSuq4GCRLsi5CZ29FPjgTpdCuGIRdO5T9rUrAtxrlpBPhhSnHrbmPVxsdtOUvxHacTh2Gfa9+RraMZQA==
  dependencies:
    react-native-image-pan-zoom "^2.1.12"

react-native-modal-popover@^0.0.12:
  version "0.0.12"
  resolved "https://registry.npmjs.org/react-native-modal-popover/-/react-native-modal-popover-0.0.12.tgz#5c0b5e9e0323490c3c5867821fc94b6582bfa3dc"
  integrity sha512-uZQsTDcGOI8y/05L/Lb0OMBesJYYRWEc0pj2038a579LnDnJJpKay0kD654cQpA4Ozt3xbu4DMTGwenynBSEFg==
  dependencies:
    "@types/prop-types" "^15.5.5"
    lodash.debounce "^4.0.8"
    prop-types "^15.6.2"

react-native-swipeout@^2.3.6:
  version "2.3.6"
  resolved "https://registry.npmjs.org/react-native-swipeout/-/react-native-swipeout-2.3.6.tgz#47dac8a835825cf3f2eef9e495574a3d9ab6d3fa"
  integrity sha512-t9suUCspzck4vp2pWggWe0frS/QOtX6yYCawHnEes75A7dZCEE74bxX2A1bQzGH9cUMjq6xsdfC94RbiDKIkJg==
  dependencies:
    create-react-class "^15.6.0"
    prop-types "^15.5.10"
    react-tween-state "^0.1.5"

react-native-video-helper@^1.5.0:
  version "1.5.0"
  resolved "https://registry.npmjs.org/react-native-video-helper/-/react-native-video-helper-1.5.0.tgz#0b3206318987c48b7d41f4522bb4974152c3dfb7"
  integrity sha512-37wViz4kpxg7IYXwtuBtvr/A78JXXj7/fKgY6QMEo5QbGDVo8T6lhBLq22xXAYMilGE8/OGHhjMY00TaoFHiLA==

react-native-video@^5.1.1:
  version "5.1.1"
  resolved "https://registry.npmjs.org/react-native-video/-/react-native-video-5.1.1.tgz#89a7989efeb8d404611c06154d1da227a745d7d8"
  integrity sha512-zee8gRUrjPWRoZSEBiMebClqu1iAuCQNLjzqpmXFrRWEoJj7azM3BPqLQWJgsnfLiYUYGySeApC/G60THM5+tw==
  dependencies:
    keymirror "^0.1.1"
    prop-types "^15.7.2"
    shaka-player "^2.5.9"

react-tween-state@^0.1.5:
  version "0.1.5"
  resolved "https://registry.npmjs.org/react-tween-state/-/react-tween-state-0.1.5.tgz#e98b066551efb93cb92dd1be14995c2e3deae339"
  integrity sha1-6YsGZVHvuTy5LdG+FJlcLj3q4zk=
  dependencies:
    raf "^3.1.0"
    tween-functions "^1.0.1"

regenerator-runtime@^0.11.0:
  version "0.11.1"
  resolved "https://registry.npmjs.org/regenerator-runtime/-/regenerator-runtime-0.11.1.tgz#be05ad7f9bf7d22e056f9726cee5017fbf19e2e9"
  integrity sha512-MguG95oij0fC3QV3URf4V2SDYGJhJnJGqvIIgdECeODCT98wSWDAJ94SSuVpYQUoTcGUIL6L4yNB7j1DFFHSBg==

shaka-player@^2.5.9:
  version "2.5.23"
  resolved "https://registry.npmjs.org/shaka-player/-/shaka-player-2.5.23.tgz#db92d1c6cf2314f0180a2cec11b0e2f2560336f5"
  integrity sha512-3MC9k0OXJGw8AZ4n/ZNCZS2yDxx+3as5KgH6Tx4Q5TRboTBBCu6dYPI5vp1DxKeyU12MBN1Zcbs7AKzXv2EnCg==
  dependencies:
    eme-encryption-scheme-polyfill "^2.0.1"

shallowequal@^1.1.0:
  version "1.1.0"
  resolved "https://registry.npmjs.org/shallowequal/-/shallowequal-1.1.0.tgz#188d521de95b9087404fd4dcb68b13df0ae4e7f8"
  integrity sha512-y0m1JoUZSlPAjXVtPPW70aZWfIL/dSP7AFkRnniLCrK/8MDKog3TySTBmckD+RObVxH0v4Tox67+F14PdED2oQ==

tween-functions@^1.0.1:
  version "1.2.0"
  resolved "https://registry.npmjs.org/tween-functions/-/tween-functions-1.2.0.tgz#1ae3a50e7c60bb3def774eac707acbca73bbc3ff"
  integrity sha1-GuOlDnxguz3vd06scHrLynO7w/8=

utility-types@^3.10.0:
  version "3.10.0"
  resolved "https://registry.npmjs.org/utility-types/-/utility-types-3.10.0.tgz#ea4148f9a741015f05ed74fd615e1d20e6bed82b"
  integrity sha512-O11mqxmi7wMKCo6HKFt5AhO4BwY3VV68YU07tgxfz8zJTIxr4BpsezN49Ffwy9j3ZpwwJp4fkRwjRzq3uWE6Rg==
